
Microsoft Visual Studio Solution File, Format Version 12.00
# Visual Studio Version 17
VisualStudioVersion = 17.5.33516.290
MinimumVisualStudioVersion = 10.0.40219.1
Project("{FAE04EC0-301F-11D3-BF4B-00C04F79EFBC}") = "Myllah-API", "Myllah-API.csproj", "{BE976363-AE93-486A-908C-D9F4BFE1B551}"
EndProject
Global
	GlobalSection(SolutionConfigurationPlatforms) = preSolution
		Debug|Any CPU = Debug|Any CPU
		Release|Any CPU = Release|Any CPU
	EndGlobalSection
	GlobalSection(ProjectConfigurationPlatforms) = postSolution
		{BE976363-AE93-486A-908C-D9F4BFE1B551}.Debug|Any CPU.ActiveCfg = Debug|Any CPU
		{BE976363-AE93-486A-908C-D9F4BFE1B551}.Debug|Any CPU.Build.0 = Debug|Any CPU
		{BE976363-AE93-486A-908C-D9F4BFE1B551}.Release|Any CPU.ActiveCfg = Release|Any CPU
		{BE976363-AE93-486A-908C-D9F4BFE1B551}.Release|Any CPU.Build.0 = Release|Any CPU
	EndGlobalSection
	GlobalSection(SolutionProperties) = preSolution
		HideSolutionNode = FALSE
	EndGlobalSection
	GlobalSection(ExtensibilityGlobals) = postSolution
		SolutionGuid = {C3CF7C7F-B0A6-4308-9C61-52007D0E7846}
	EndGlobalSection
EndGlobal
